// !$*UTF8*$!
{
	archiveVersion = 1;
	classes = {
	};
	objectVersion = 46;
	objects = {

/* Begin PBXBuildFile section */
		OBJ_30 /* Alarm.swift in Sources */ = {isa = PBXBuildFile; fileRef = OBJ_8 /* Alarm.swift */; };
		OBJ_31 /* Calendar.swift in Sources */ = {isa = PBXBuildFile; fileRef = OBJ_9 /* Calendar.swift */; };
		OBJ_32 /* iCalError.swift in Sources */ = {isa = PBXBuildFile; fileRef = OBJ_11 /* iCalError.swift */; };
		OBJ_33 /* Event.swift in Sources */ = {isa = PBXBuildFile; fileRef = OBJ_12 /* Event.swift */; };
		OBJ_34 /* Date.swift in Sources */ = {isa = PBXBuildFile; fileRef = OBJ_14 /* Date.swift */; };
		OBJ_35 /* String.swift in Sources */ = {isa = PBXBuildFile; fileRef = OBJ_15 /* String.swift */; };
		OBJ_36 /* Parser.swift in Sources */ = {isa = PBXBuildFile; fileRef = OBJ_16 /* Parser.swift */; };
		OBJ_37 /* CalendarComponent.swift in Sources */ = {isa = PBXBuildFile; fileRef = OBJ_18 /* CalendarComponent.swift */; };
		OBJ_38 /* IcsElement.swift in Sources */ = {isa = PBXBuildFile; fileRef = OBJ_19 /* IcsElement.swift */; };
		OBJ_39 /* iCal.swift in Sources */ = {isa = PBXBuildFile; fileRef = OBJ_20 /* iCal.swift */; };
		OBJ_46 /* Package.swift in Sources */ = {isa = PBXBuildFile; fileRef = OBJ_6 /* Package.swift */; };
/* End PBXBuildFile section */

/* Begin PBXFileReference section */
		OBJ_11 /* iCalError.swift */ = {isa = PBXFileReference; lastKnownFileType = sourcecode.swift; path = iCalError.swift; sourceTree = "<group>"; };
		OBJ_12 /* Event.swift */ = {isa = PBXFileReference; lastKnownFileType = sourcecode.swift; path = Event.swift; sourceTree = "<group>"; };
		OBJ_14 /* Date.swift */ = {isa = PBXFileReference; lastKnownFileType = sourcecode.swift; path = Date.swift; sourceTree = "<group>"; };
		OBJ_15 /* String.swift */ = {isa = PBXFileReference; lastKnownFileType = sourcecode.swift; path = String.swift; sourceTree = "<group>"; };
		OBJ_16 /* Parser.swift */ = {isa = PBXFileReference; lastKnownFileType = sourcecode.swift; path = Parser.swift; sourceTree = "<group>"; };
		OBJ_18 /* CalendarComponent.swift */ = {isa = PBXFileReference; lastKnownFileType = sourcecode.swift; path = CalendarComponent.swift; sourceTree = "<group>"; };
		OBJ_19 /* IcsElement.swift */ = {isa = PBXFileReference; lastKnownFileType = sourcecode.swift; path = IcsElement.swift; sourceTree = "<group>"; };
		OBJ_20 /* iCal.swift */ = {isa = PBXFileReference; lastKnownFileType = sourcecode.swift; path = iCal.swift; sourceTree = "<group>"; };
		OBJ_22 /* Configs */ = {isa = PBXFileReference; lastKnownFileType = folder; path = Configs; sourceTree = SOURCE_ROOT; };
		OBJ_6 /* Package.swift */ = {isa = PBXFileReference; explicitFileType = sourcecode.swift; path = Package.swift; sourceTree = "<group>"; };
		OBJ_8 /* Alarm.swift */ = {isa = PBXFileReference; lastKnownFileType = sourcecode.swift; path = Alarm.swift; sourceTree = "<group>"; };
		OBJ_9 /* Calendar.swift */ = {isa = PBXFileReference; lastKnownFileType = sourcecode.swift; path = Calendar.swift; sourceTree = "<group>"; };
		"iCalKit::iCalKit::Product" /* iCalKit.framework */ = {isa = PBXFileReference; explicitFileType = wrapper.framework; path = iCalKit.framework; sourceTree = BUILT_PRODUCTS_DIR; };
/* End PBXFileReference section */

/* Begin PBXFrameworksBuildPhase section */
		OBJ_40 /* Frameworks */ = {
			isa = PBXFrameworksBuildPhase;
			buildActionMask = 0;
			files = (
			);
			runOnlyForDeploymentPostprocessing = 0;
		};
/* End PBXFrameworksBuildPhase section */

/* Begin PBXGroup section */
		OBJ_10 /* Enums */ = {
			isa = PBXGroup;
			children = (
				OBJ_11 /* iCalError.swift */,
			);
			path = Enums;
			sourceTree = "<group>";
		};
		OBJ_13 /* Extensions */ = {
			isa = PBXGroup;
			children = (
				OBJ_14 /* Date.swift */,
				OBJ_15 /* String.swift */,
			);
			path = Extensions;
			sourceTree = "<group>";
		};
		OBJ_17 /* Protocols */ = {
			isa = PBXGroup;
			children = (
				OBJ_18 /* CalendarComponent.swift */,
				OBJ_19 /* IcsElement.swift */,
			);
			path = Protocols;
			sourceTree = "<group>";
		};
		OBJ_21 /* Tests */ = {
			isa = PBXGroup;
			children = (
			);
			name = Tests;
			sourceTree = SOURCE_ROOT;
		};
		OBJ_23 /* Products */ = {
			isa = PBXGroup;
			children = (
				"iCalKit::iCalKit::Product" /* iCalKit.framework */,
			);
			name = Products;
			sourceTree = BUILT_PRODUCTS_DIR;
		};
		OBJ_5 /*  */ = {
			isa = PBXGroup;
			children = (
				OBJ_6 /* Package.swift */,
				OBJ_7 /* Sources */,
				OBJ_21 /* Tests */,
				OBJ_22 /* Configs */,
				OBJ_23 /* Products */,
			);
			name = "";
			sourceTree = "<group>";
		};
		OBJ_7 /* Sources */ = {
			isa = PBXGroup;
			children = (
				OBJ_8 /* Alarm.swift */,
				OBJ_9 /* Calendar.swift */,
				OBJ_10 /* Enums */,
				OBJ_12 /* Event.swift */,
				OBJ_13 /* Extensions */,
				OBJ_16 /* Parser.swift */,
				OBJ_17 /* Protocols */,
				OBJ_20 /* iCal.swift */,
			);
			path = Sources;
			sourceTree = SOURCE_ROOT;
		};
/* End PBXGroup section */

/* Begin PBXNativeTarget section */
		"iCalKit::SwiftPMPackageDescription" /* iCalKitPackageDescription */ = {
			isa = PBXNativeTarget;
			buildConfigurationList = OBJ_42 /* Build configuration list for PBXNativeTarget "iCalKitPackageDescription" */;
			buildPhases = (
				OBJ_45 /* Sources */,
			);
			buildRules = (
			);
			dependencies = (
			);
			name = iCalKitPackageDescription;
			productName = iCalKitPackageDescription;
			productType = "com.apple.product-type.framework";
		};
		"iCalKit::iCalKit" /* iCalKit */ = {
			isa = PBXNativeTarget;
			buildConfigurationList = OBJ_26 /* Build configuration list for PBXNativeTarget "iCalKit" */;
			buildPhases = (
				OBJ_29 /* Sources */,
				OBJ_40 /* Frameworks */,
			);
			buildRules = (
			);
			dependencies = (
			);
			name = iCalKit;
			productName = iCalKit;
			productReference = "iCalKit::iCalKit::Product" /* iCalKit.framework */;
			productType = "com.apple.product-type.framework";
		};
/* End PBXNativeTarget section */

/* Begin PBXProject section */
		OBJ_1 /* Project object */ = {
			isa = PBXProject;
			attributes = {
				LastUpgradeCheck = 9999;
			};
			buildConfigurationList = OBJ_2 /* Build configuration list for PBXProject "iCalKit" */;
			compatibilityVersion = "Xcode 3.2";
			developmentRegion = English;
			hasScannedForEncodings = 0;
			knownRegions = (
				en,
			);
			mainGroup = OBJ_5 /*  */;
			productRefGroup = OBJ_23 /* Products */;
			projectDirPath = "";
			projectRoot = "";
			targets = (
				"iCalKit::iCalKit" /* iCalKit */,
				"iCalKit::SwiftPMPackageDescription" /* iCalKitPackageDescription */,
			);
		};
/* End PBXProject section */

/* Begin PBXSourcesBuildPhase section */
		OBJ_29 /* Sources */ = {
			isa = PBXSourcesBuildPhase;
			buildActionMask = 0;
			files = (
				OBJ_30 /* Alarm.swift in Sources */,
				OBJ_31 /* Calendar.swift in Sources */,
				OBJ_32 /* iCalError.swift in Sources */,
				OBJ_33 /* Event.swift in Sources */,
				OBJ_34 /* Date.swift in Sources */,
				OBJ_35 /* String.swift in Sources */,
				OBJ_36 /* Parser.swift in Sources */,
				OBJ_37 /* CalendarComponent.swift in Sources */,
				OBJ_38 /* IcsElement.swift in Sources */,
				OBJ_39 /* iCal.swift in Sources */,
			);
			runOnlyForDeploymentPostprocessing = 0;
		};
		OBJ_45 /* Sources */ = {
			isa = PBXSourcesBuildPhase;
			buildActionMask = 0;
			files = (
				OBJ_46 /* Package.swift in Sources */,
			);
			runOnlyForDeploymentPostprocessing = 0;
		};
/* End PBXSourcesBuildPhase section */

/* Begin XCBuildConfiguration section */
		OBJ_27 /* Debug */ = {
			isa = XCBuildConfiguration;
			buildSettings = {
				ENABLE_TESTABILITY = YES;
				FRAMEWORK_SEARCH_PATHS = (
					"$(inherited)",
					"$(PLATFORM_DIR)/Developer/Library/Frameworks",
				);
				HEADER_SEARCH_PATHS = "$(inherited)";
				INFOPLIST_FILE = iCalKit.xcodeproj/iCalKit_Info.plist;
				LD_RUNPATH_SEARCH_PATHS = "$(inherited) $(TOOLCHAIN_DIR)/usr/lib/swift/macosx";
				OTHER_CFLAGS = "$(inherited)";
				OTHER_LDFLAGS = "$(inherited)";
				OTHER_SWIFT_FLAGS = "$(inherited)";
				PRODUCT_BUNDLE_IDENTIFIER = iCalKit;
				PRODUCT_MODULE_NAME = "$(TARGET_NAME:c99extidentifier)";
				PRODUCT_NAME = "$(TARGET_NAME:c99extidentifier)";
				SKIP_INSTALL = YES;
				SWIFT_ACTIVE_COMPILATION_CONDITIONS = "$(inherited)";
				SWIFT_VERSION = 4.2;
				TARGET_NAME = iCalKit;
			};
			name = Debug;
		};
		OBJ_28 /* Release */ = {
			isa = XCBuildConfiguration;
			buildSettings = {
				ENABLE_TESTABILITY = YES;
				FRAMEWORK_SEARCH_PATHS = (
					"$(inherited)",
					"$(PLATFORM_DIR)/Developer/Library/Frameworks",
				);
				HEADER_SEARCH_PATHS = "$(inherited)";
				INFOPLIST_FILE = iCalKit.xcodeproj/iCalKit_Info.plist;
				LD_RUNPATH_SEARCH_PATHS = "$(inherited) $(TOOLCHAIN_DIR)/usr/lib/swift/macosx";
				OTHER_CFLAGS = "$(inherited)";
				OTHER_LDFLAGS = "$(inherited)";
				OTHER_SWIFT_FLAGS = "$(inherited)";
				PRODUCT_BUNDLE_IDENTIFIER = iCalKit;
				PRODUCT_MODULE_NAME = "$(TARGET_NAME:c99extidentifier)";
				PRODUCT_NAME = "$(TARGET_NAME:c99extidentifier)";
				SKIP_INSTALL = YES;
				SWIFT_ACTIVE_COMPILATION_CONDITIONS = "$(inherited)";
				SWIFT_VERSION = 4.2;
				TARGET_NAME = iCalKit;
			};
			name = Release;
		};
		OBJ_3 /* Debug */ = {
			isa = XCBuildConfiguration;
			buildSettings = {
				CLANG_ENABLE_OBJC_ARC = YES;
				COMBINE_HIDPI_IMAGES = YES;
				COPY_PHASE_STRIP = NO;
				DEBUG_INFORMATION_FORMAT = dwarf;
				DYLIB_INSTALL_NAME_BASE = "@rpath";
				ENABLE_NS_ASSERTIONS = YES;
				GCC_OPTIMIZATION_LEVEL = 0;
				GCC_PREPROCESSOR_DEFINITIONS = (
					"DEBUG=1",
					"$(inherited)",
				);
				MACOSX_DEPLOYMENT_TARGET = 10.10;
				ONLY_ACTIVE_ARCH = YES;
				OTHER_SWIFT_FLAGS = "-DXcode";
				PRODUCT_NAME = "$(TARGET_NAME)";
				SDKROOT = macosx;
				SUPPORTED_PLATFORMS = "macosx iphoneos iphonesimulator appletvos appletvsimulator watchos watchsimulator";
				SWIFT_ACTIVE_COMPILATION_CONDITIONS = "SWIFT_PACKAGE DEBUG";
				SWIFT_OPTIMIZATION_LEVEL = "-Onone";
				SWIFT_VERSION = 4.2;
				USE_HEADERMAP = NO;
			};
			name = Debug;
		};
		OBJ_4 /* Release */ = {
			isa = XCBuildConfiguration;
			buildSettings = {
				CLANG_ENABLE_OBJC_ARC = YES;
				COMBINE_HIDPI_IMAGES = YES;
				COPY_PHASE_STRIP = YES;
				DEBUG_INFORMATION_FORMAT = "dwarf-with-dsym";
				DYLIB_INSTALL_NAME_BASE = "@rpath";
				GCC_OPTIMIZATION_LEVEL = s;
				MACOSX_DEPLOYMENT_TARGET = 10.10;
				OTHER_SWIFT_FLAGS = "-DXcode";
				PRODUCT_NAME = "$(TARGET_NAME)";
				SDKROOT = macosx;
				SUPPORTED_PLATFORMS = "macosx iphoneos iphonesimulator appletvos appletvsimulator watchos watchsimulator";
				SWIFT_ACTIVE_COMPILATION_CONDITIONS = SWIFT_PACKAGE;
				SWIFT_OPTIMIZATION_LEVEL = "-Owholemodule";
				SWIFT_VERSION = 4.2;
				USE_HEADERMAP = NO;
			};
			name = Release;
		};
		OBJ_43 /* Debug */ = {
			isa = XCBuildConfiguration;
			buildSettings = {
				LD = /usr/bin/true;
				OTHER_SWIFT_FLAGS = "-swift-version 4 -I $(TOOLCHAIN_DIR)/usr/lib/swift/pm/4 -target x86_64-apple-macosx10.10 -sdk /Applications/Xcode.app/Contents/Developer/Platforms/MacOSX.platform/Developer/SDKs/MacOSX10.14.sdk";
				SWIFT_VERSION = 4.2;
			};
			name = Debug;
		};
		OBJ_44 /* Release */ = {
			isa = XCBuildConfiguration;
			buildSettings = {
				LD = /usr/bin/true;
				OTHER_SWIFT_FLAGS = "-swift-version 4 -I $(TOOLCHAIN_DIR)/usr/lib/swift/pm/4 -target x86_64-apple-macosx10.10 -sdk /Applications/Xcode.app/Contents/Developer/Platforms/MacOSX.platform/Developer/SDKs/MacOSX10.14.sdk";
				SWIFT_VERSION = 4.2;
			};
			name = Release;
		};
/* End XCBuildConfiguration section */

/* Begin XCConfigurationList section */
		OBJ_2 /* Build configuration list for PBXProject "iCalKit" */ = {
			isa = XCConfigurationList;
			buildConfigurations = (
				OBJ_3 /* Debug */,
				OBJ_4 /* Release */,
			);
			defaultConfigurationIsVisible = 0;
			defaultConfigurationName = Release;
		};
		OBJ_26 /* Build configuration list for PBXNativeTarget "iCalKit" */ = {
			isa = XCConfigurationList;
			buildConfigurations = (
				OBJ_27 /* Debug */,
				OBJ_28 /* Release */,
			);
			defaultConfigurationIsVisible = 0;
			defaultConfigurationName = Release;
		};
		OBJ_42 /* Build configuration list for PBXNativeTarget "iCalKitPackageDescription" */ = {
			isa = XCConfigurationList;
			buildConfigurations = (
				OBJ_43 /* Debug */,
				OBJ_44 /* Release */,
			);
			defaultConfigurationIsVisible = 0;
			defaultConfigurationName = Release;
		};
/* End XCConfigurationList section */
	};
	rootObject = OBJ_1 /* Project object */;
}
